
Microsoft Visual Studio Solution File, Format Version 12.00
# Visual Studio Version 17
VisualStudioVersion = 17.2.32526.322
MinimumVisualStudioVersion = 10.0.40219.1
Project("{FAE04EC0-301F-11D3-BF4B-00C04F79EFBC}") = "Keshav-Dev", "Keshav-Dev.csproj", "{FC2D0A5B-335B-4EB4-B976-D1C7A02AC702}"
EndProject
Global
	GlobalSection(SolutionConfigurationPlatforms) = preSolution
		Debug|Any CPU = Debug|Any CPU
		Release|Any CPU = Release|Any CPU
	EndGlobalSection
	GlobalSection(ProjectConfigurationPlatforms) = postSolution
		{FC2D0A5B-335B-4EB4-B976-D1C7A02AC702}.Debug|Any CPU.ActiveCfg = Debug|Any CPU
		{FC2D0A5B-335B-4EB4-B976-D1C7A02AC702}.Debug|Any CPU.Build.0 = Debug|Any CPU
		{FC2D0A5B-335B-4EB4-B976-D1C7A02AC702}.Release|Any CPU.ActiveCfg = Release|Any CPU
		{FC2D0A5B-335B-4EB4-B976-D1C7A02AC702}.Release|Any CPU.Build.0 = Release|Any CPU
	EndGlobalSection
	GlobalSection(SolutionProperties) = preSolution
		HideSolutionNode = FALSE
	EndGlobalSection
	GlobalSection(ExtensibilityGlobals) = postSolution
		SolutionGuid = {F53937FD-69D9-4CF9-BD71-C33597FC2B79}
	EndGlobalSection
EndGlobal
